<?xml version="1.0" encoding="utf-8"?>
<Project ToolsVersion="4.0" xmlns="http://schemas.microsoft.com/developer/msbuild/2003">
  <ItemGroup>
    <Filter Include="src">
      <UniqueIdentifier>{8c7802b0-e308-4a0f-9a04-20812ca30545}</UniqueIdentifier>
    </Filter>
    <Filter Include="contrib">
      <UniqueIdentifier>{d0a260be-8a29-4810-8c53-8c7da798af38}</UniqueIdentifier>
    </Filter>
    <Filter Include="data">
      <UniqueIdentifier>{e506e63f-5235-4c0d-baa8-453872cf6ab1}</UniqueIdentifier>
    </Filter>
    <Filter Include="src\logger">
      <UniqueIdentifier>{caca9e28-f631-493f-9dce-71285bf4a79f}</UniqueIdentifier>
    </Filter>
  </ItemGroup>
  <ItemGroup>
    <ClCompile Include="src\main.cpp">
      <Filter>src</Filter>
    </ClCompile>
    <ClCompile Include="src\logger\logger.cpp">
      <Filter>src\logger</Filter>
    </ClCompile>
  </ItemGroup>
  <ItemGroup>
    <None Include="README.md" />
    <None Include="ANSI.md" />
    <None Include="AUTHORS.md" />
    <None Include="CHANGELOG.md" />
  </ItemGroup>
  <ItemGroup>
    <Text Include="LICENSE" />
    <Text Include="contrib\placeHolder.txt">
      <Filter>contrib</Filter>
    </Text>
    <Text Include="data\placeHolder.txt">
      <Filter>data</Filter>
    </Text>
  </ItemGroup>
  <ItemGroup>
    <ClInclude Include="src\logger\logger.hpp">
      <Filter>src\logger</Filter>
    </ClInclude>
  </ItemGroup>
</Project>